
Microsoft Visual Studio Solution File, Format Version 12.00
# Visual Studio Version 17
VisualStudioVersion = 17.0.31903.59
MinimumVisualStudioVersion = 10.0.40219.1
Project("{2150E333-8FDC-42A3-9474-1A3956D46DE8}") = "src", "src", "{89E85129-1331-468E-B854-D8E21518BC11}"
EndProject
Project("{FAE04EC0-301F-11D3-BF4B-00C04F79EFBC}") = "WebApplication1", "src\WebApplication1\WebApplication1.csproj", "{64C97B7F-05D2-452B-9AF7-210385AA0ED9}"
EndProject
Project("{2150E333-8FDC-42A3-9474-1A3956D46DE8}") = "test", "test", "{A8FD0EC7-55B5-45D0-8A77-A59A760E1934}"
EndProject
Project("{FAE04EC0-301F-11D3-BF4B-00C04F79EFBC}") = "WebApplicationTest", "test\WebApplication1Test\WebApplication1Test.csproj", "{01A6041F-0F6B-434F-BD7C-444F618727B0}"
EndProject
Global
	GlobalSection(SolutionConfigurationPlatforms) = preSolution
		Debug|Any CPU = Debug|Any CPU
		Release|Any CPU = Release|Any CPU
	EndGlobalSection
	GlobalSection(ProjectConfigurationPlatforms) = postSolution
		{64C97B7F-05D2-452B-9AF7-210385AA0ED9}.Debug|Any CPU.ActiveCfg = Debug|Any CPU
		{64C97B7F-05D2-452B-9AF7-210385AA0ED9}.Debug|Any CPU.Build.0 = Debug|Any CPU
		{64C97B7F-05D2-452B-9AF7-210385AA0ED9}.Release|Any CPU.ActiveCfg = Release|Any CPU
		{64C97B7F-05D2-452B-9AF7-210385AA0ED9}.Release|Any CPU.Build.0 = Release|Any CPU
		{01A6041F-0F6B-434F-BD7C-444F618727B0}.Debug|Any CPU.ActiveCfg = Debug|Any CPU
		{01A6041F-0F6B-434F-BD7C-444F618727B0}.Debug|Any CPU.Build.0 = Debug|Any CPU
		{01A6041F-0F6B-434F-BD7C-444F618727B0}.Release|Any CPU.ActiveCfg = Release|Any CPU
		{01A6041F-0F6B-434F-BD7C-444F618727B0}.Release|Any CPU.Build.0 = Release|Any CPU
	EndGlobalSection
	GlobalSection(SolutionProperties) = preSolution
		HideSolutionNode = FALSE
	EndGlobalSection
	GlobalSection(NestedProjects) = preSolution
		{64C97B7F-05D2-452B-9AF7-210385AA0ED9} = {89E85129-1331-468E-B854-D8E21518BC11}
		{01A6041F-0F6B-434F-BD7C-444F618727B0} = {A8FD0EC7-55B5-45D0-8A77-A59A760E1934}
	EndGlobalSection
EndGlobal
